// !$*UTF8*$!
{
	archiveVersion = 1;
	classes = {
	};
	objectVersion = 55;
	objects = {

/* Begin PBXBuildFile section */
		0907F276286DC4CF000E1B41 /* FavoritesViewController.swift in Sources */ = {isa = PBXBuildFile; fileRef = 0907F275286DC4CF000E1B41 /* FavoritesViewController.swift */; };
		091CE90B286B70770048B125 /* AppDelegate.swift in Sources */ = {isa = PBXBuildFile; fileRef = 091CE90A286B70770048B125 /* AppDelegate.swift */; };
		091CE90D286B70770048B125 /* SceneDelegate.swift in Sources */ = {isa = PBXBuildFile; fileRef = 091CE90C286B70770048B125 /* SceneDelegate.swift */; };
		091CE90F286B70770048B125 /* AllPhotosViewController.swift in Sources */ = {isa = PBXBuildFile; fileRef = 091CE90E286B70770048B125 /* AllPhotosViewController.swift */; };
		091CE912286B70770048B125 /* Main.storyboard in Resources */ = {isa = PBXBuildFile; fileRef = 091CE910286B70770048B125 /* Main.storyboard */; };
		091CE914286B70790048B125 /* Assets.xcassets in Resources */ = {isa = PBXBuildFile; fileRef = 091CE913286B70790048B125 /* Assets.xcassets */; };
		091CE917286B70790048B125 /* LaunchScreen.storyboard in Resources */ = {isa = PBXBuildFile; fileRef = 091CE915286B70790048B125 /* LaunchScreen.storyboard */; };
		091CE91F286B79190048B125 /* PhotoCollectionViewCell.swift in Sources */ = {isa = PBXBuildFile; fileRef = 091CE91E286B79190048B125 /* PhotoCollectionViewCell.swift */; };
		09334B1B286C540F00D4996F /* NetworkService.swift in Sources */ = {isa = PBXBuildFile; fileRef = 09334B1A286C540F00D4996F /* NetworkService.swift */; };
		0961DA85286CA4B200854E6F /* Photo.swift in Sources */ = {isa = PBXBuildFile; fileRef = 0961DA84286CA4B200854E6F /* Photo.swift */; };
		0961DA88286CCAA600854E6F /* Constants.swift in Sources */ = {isa = PBXBuildFile; fileRef = 0961DA87286CCAA600854E6F /* Constants.swift */; };
		0961DA8A286CD5C300854E6F /* SearchResponse.swift in Sources */ = {isa = PBXBuildFile; fileRef = 0961DA89286CD5C300854E6F /* SearchResponse.swift */; };
		0961DA90286CEBEA00854E6F /* PhotoViewModel.swift in Sources */ = {isa = PBXBuildFile; fileRef = 0961DA8F286CEBEA00854E6F /* PhotoViewModel.swift */; };
		0961DA94286D099500854E6F /* Location.swift in Sources */ = {isa = PBXBuildFile; fileRef = 0961DA93286D099500854E6F /* Location.swift */; };
		0961DA96286D0A0D00854E6F /* User.swift in Sources */ = {isa = PBXBuildFile; fileRef = 0961DA95286D0A0D00854E6F /* User.swift */; };
		09E0E2C62874A95A004D22BC /* PhotoDetailsViewController.swift in Sources */ = {isa = PBXBuildFile; fileRef = 09E0E2C52874A95A004D22BC /* PhotoDetailsViewController.swift */; };
		09FDBA2F2876CBF800C86EA1 /* BaseTabBarController.swift in Sources */ = {isa = PBXBuildFile; fileRef = 09FDBA2E2876CBF700C86EA1 /* BaseTabBarController.swift */; };
		820CCF7FF0C4FA8E06D6EBEE /* Pods_Photo.framework in Frameworks */ = {isa = PBXBuildFile; fileRef = FA67F166AEE6440EE55E69E8 /* Pods_Photo.framework */; };
/* End PBXBuildFile section */

/* Begin PBXFileReference section */
		0907F275286DC4CF000E1B41 /* FavoritesViewController.swift */ = {isa = PBXFileReference; lastKnownFileType = sourcecode.swift; path = FavoritesViewController.swift; sourceTree = "<group>"; };
		091CE907286B70770048B125 /* Photo.app */ = {isa = PBXFileReference; explicitFileType = wrapper.application; includeInIndex = 0; path = Photo.app; sourceTree = BUILT_PRODUCTS_DIR; };
		091CE90A286B70770048B125 /* AppDelegate.swift */ = {isa = PBXFileReference; lastKnownFileType = sourcecode.swift; path = AppDelegate.swift; sourceTree = "<group>"; };
		091CE90C286B70770048B125 /* SceneDelegate.swift */ = {isa = PBXFileReference; lastKnownFileType = sourcecode.swift; path = SceneDelegate.swift; sourceTree = "<group>"; };
		091CE90E286B70770048B125 /* AllPhotosViewController.swift */ = {isa = PBXFileReference; lastKnownFileType = sourcecode.swift; path = AllPhotosViewController.swift; sourceTree = "<group>"; };
		091CE911286B70770048B125 /* Base */ = {isa = PBXFileReference; lastKnownFileType = file.storyboard; name = Base; path = Base.lproj/Main.storyboard; sourceTree = "<group>"; };
		091CE913286B70790048B125 /* Assets.xcassets */ = {isa = PBXFileReference; lastKnownFileType = folder.assetcatalog; path = Assets.xcassets; sourceTree = "<group>"; };
		091CE916286B70790048B125 /* Base */ = {isa = PBXFileReference; lastKnownFileType = file.storyboard; name = Base; path = Base.lproj/LaunchScreen.storyboard; sourceTree = "<group>"; };
		091CE918286B70790048B125 /* Info.plist */ = {isa = PBXFileReference; lastKnownFileType = text.plist.xml; path = Info.plist; sourceTree = "<group>"; };
		091CE91E286B79190048B125 /* PhotoCollectionViewCell.swift */ = {isa = PBXFileReference; lastKnownFileType = sourcecode.swift; path = PhotoCollectionViewCell.swift; sourceTree = "<group>"; };
		09334B1A286C540F00D4996F /* NetworkService.swift */ = {isa = PBXFileReference; lastKnownFileType = sourcecode.swift; path = NetworkService.swift; sourceTree = "<group>"; };
		095CC2C5287732C400CCDBF7 /* .gitignore */ = {isa = PBXFileReference; lastKnownFileType = text; path = .gitignore; sourceTree = "<group>"; };
		095CC2C728775AC700CCDBF7 /* Config.xcconfig */ = {isa = PBXFileReference; lastKnownFileType = text.xcconfig; path = Config.xcconfig; sourceTree = "<group>"; };
		0961DA84286CA4B200854E6F /* Photo.swift */ = {isa = PBXFileReference; lastKnownFileType = sourcecode.swift; path = Photo.swift; sourceTree = "<group>"; };
		0961DA87286CCAA600854E6F /* Constants.swift */ = {isa = PBXFileReference; lastKnownFileType = sourcecode.swift; path = Constants.swift; sourceTree = "<group>"; };
		0961DA89286CD5C300854E6F /* SearchResponse.swift */ = {isa = PBXFileReference; lastKnownFileType = sourcecode.swift; path = SearchResponse.swift; sourceTree = "<group>"; };
		0961DA8F286CEBEA00854E6F /* PhotoViewModel.swift */ = {isa = PBXFileReference; lastKnownFileType = sourcecode.swift; path = PhotoViewModel.swift; sourceTree = "<group>"; };
		0961DA93286D099500854E6F /* Location.swift */ = {isa = PBXFileReference; lastKnownFileType = sourcecode.swift; path = Location.swift; sourceTree = "<group>"; };
		0961DA95286D0A0D00854E6F /* User.swift */ = {isa = PBXFileReference; lastKnownFileType = sourcecode.swift; path = User.swift; sourceTree = "<group>"; };
		09E0E2C52874A95A004D22BC /* PhotoDetailsViewController.swift */ = {isa = PBXFileReference; lastKnownFileType = sourcecode.swift; path = PhotoDetailsViewController.swift; sourceTree = "<group>"; };
		09FDBA2E2876CBF700C86EA1 /* BaseTabBarController.swift */ = {isa = PBXFileReference; lastKnownFileType = sourcecode.swift; path = BaseTabBarController.swift; sourceTree = "<group>"; };
		4B09862EAAF1777990907786 /* Pods-Photo.debug.xcconfig */ = {isa = PBXFileReference; includeInIndex = 1; lastKnownFileType = text.xcconfig; name = "Pods-Photo.debug.xcconfig"; path = "Target Support Files/Pods-Photo/Pods-Photo.debug.xcconfig"; sourceTree = "<group>"; };
		650664FA324A3D3BA7A7A261 /* Pods-Photo.release.xcconfig */ = {isa = PBXFileReference; includeInIndex = 1; lastKnownFileType = text.xcconfig; name = "Pods-Photo.release.xcconfig"; path = "Target Support Files/Pods-Photo/Pods-Photo.release.xcconfig"; sourceTree = "<group>"; };
		FA67F166AEE6440EE55E69E8 /* Pods_Photo.framework */ = {isa = PBXFileReference; explicitFileType = wrapper.framework; includeInIndex = 0; path = Pods_Photo.framework; sourceTree = BUILT_PRODUCTS_DIR; };
/* End PBXFileReference section */

/* Begin PBXFrameworksBuildPhase section */
		091CE904286B70770048B125 /* Frameworks */ = {
			isa = PBXFrameworksBuildPhase;
			buildActionMask = 2147483647;
			files = (
				820CCF7FF0C4FA8E06D6EBEE /* Pods_Photo.framework in Frameworks */,
			);
			runOnlyForDeploymentPostprocessing = 0;
		};
/* End PBXFrameworksBuildPhase section */

/* Begin PBXGroup section */
		091CE8FE286B70770048B125 = {
			isa = PBXGroup;
			children = (
				095CC2C728775AC700CCDBF7 /* Config.xcconfig */,
				095CC2C5287732C400CCDBF7 /* .gitignore */,
				091CE909286B70770048B125 /* Photo */,
				091CE908286B70770048B125 /* Products */,
				318224298C0975186EC9F46C /* Pods */,
				C8993B86CC10E3F4CE65B97C /* Frameworks */,
			);
			sourceTree = "<group>";
		};
		091CE908286B70770048B125 /* Products */ = {
			isa = PBXGroup;
			children = (
				091CE907286B70770048B125 /* Photo.app */,
			);
			name = Products;
			sourceTree = "<group>";
		};
		091CE909286B70770048B125 /* Photo */ = {
			isa = PBXGroup;
			children = (
				09334B19286C53F000D4996F /* Services */,
				0961DA86286CA4B800854E6F /* Models */,
				0961DA8B286CE79700854E6F /* Views */,
				0961DA8E286CEB8400854E6F /* ViewModels */,
				0961DA8D286CE82F00854E6F /* SupportingFiles */,
				091CE913286B70790048B125 /* Assets.xcassets */,
			);
			path = Photo;
			sourceTree = "<group>";
		};
		09334B19286C53F000D4996F /* Services */ = {
			isa = PBXGroup;
			children = (
				09334B1A286C540F00D4996F /* NetworkService.swift */,
			);
			path = Services;
			sourceTree = "<group>";
		};
		0961DA86286CA4B800854E6F /* Models */ = {
			isa = PBXGroup;
			children = (
				0961DA84286CA4B200854E6F /* Photo.swift */,
				0961DA89286CD5C300854E6F /* SearchResponse.swift */,
				0961DA93286D099500854E6F /* Location.swift */,
				0961DA95286D0A0D00854E6F /* User.swift */,
			);
			path = Models;
			sourceTree = "<group>";
		};
		0961DA8B286CE79700854E6F /* Views */ = {
			isa = PBXGroup;
			children = (
				091CE910286B70770048B125 /* Main.storyboard */,
				091CE915286B70790048B125 /* LaunchScreen.storyboard */,
				09FDBA2E2876CBF700C86EA1 /* BaseTabBarController.swift */,
				091CE90E286B70770048B125 /* AllPhotosViewController.swift */,
				0907F275286DC4CF000E1B41 /* FavoritesViewController.swift */,
				09E0E2C52874A95A004D22BC /* PhotoDetailsViewController.swift */,
				0961DA8C286CE7A500854E6F /* Cells */,
			);
			path = Views;
			sourceTree = "<group>";
		};
		0961DA8C286CE7A500854E6F /* Cells */ = {
			isa = PBXGroup;
			children = (
				091CE91E286B79190048B125 /* PhotoCollectionViewCell.swift */,
			);
			path = Cells;
			sourceTree = "<group>";
		};
		0961DA8D286CE82F00854E6F /* SupportingFiles */ = {
			isa = PBXGroup;
			children = (
				091CE90A286B70770048B125 /* AppDelegate.swift */,
				091CE90C286B70770048B125 /* SceneDelegate.swift */,
				0961DA87286CCAA600854E6F /* Constants.swift */,
				091CE918286B70790048B125 /* Info.plist */,
			);
			path = SupportingFiles;
			sourceTree = "<group>";
		};
		0961DA8E286CEB8400854E6F /* ViewModels */ = {
			isa = PBXGroup;
			children = (
				0961DA8F286CEBEA00854E6F /* PhotoViewModel.swift */,
			);
			path = ViewModels;
			sourceTree = "<group>";
		};
		318224298C0975186EC9F46C /* Pods */ = {
			isa = PBXGroup;
			children = (
				4B09862EAAF1777990907786 /* Pods-Photo.debug.xcconfig */,
				650664FA324A3D3BA7A7A261 /* Pods-Photo.release.xcconfig */,
			);
			path = Pods;
			sourceTree = "<group>";
		};
		C8993B86CC10E3F4CE65B97C /* Frameworks */ = {
			isa = PBXGroup;
			children = (
				FA67F166AEE6440EE55E69E8 /* Pods_Photo.framework */,
			);
			name = Frameworks;
			sourceTree = "<group>";
		};
/* End PBXGroup section */

/* Begin PBXNativeTarget section */
		091CE906286B70770048B125 /* Photo */ = {
			isa = PBXNativeTarget;
			buildConfigurationList = 091CE91B286B70790048B125 /* Build configuration list for PBXNativeTarget "Photo" */;
			buildPhases = (
				30E5184B5A8D6F0364C9945C /* [CP] Check Pods Manifest.lock */,
				091CE903286B70770048B125 /* Sources */,
				091CE904286B70770048B125 /* Frameworks */,
				091CE905286B70770048B125 /* Resources */,
				DED3975C77C00D6AB2F4B4AE /* [CP] Embed Pods Frameworks */,
			);
			buildRules = (
			);
			dependencies = (
			);
			name = Photo;
			productName = Photo;
			productReference = 091CE907286B70770048B125 /* Photo.app */;
			productType = "com.apple.product-type.application";
		};
/* End PBXNativeTarget section */

/* Begin PBXProject section */
		091CE8FF286B70770048B125 /* Project object */ = {
			isa = PBXProject;
			attributes = {
				BuildIndependentTargetsInParallel = 1;
				LastSwiftUpdateCheck = 1310;
				LastUpgradeCheck = 1310;
				TargetAttributes = {
					091CE906286B70770048B125 = {
						CreatedOnToolsVersion = 13.1;
					};
				};
			};
			buildConfigurationList = 091CE902286B70770048B125 /* Build configuration list for PBXProject "Photo" */;
			compatibilityVersion = "Xcode 13.0";
			developmentRegion = en;
			hasScannedForEncodings = 0;
			knownRegions = (
				en,
				Base,
			);
			mainGroup = 091CE8FE286B70770048B125;
			productRefGroup = 091CE908286B70770048B125 /* Products */;
			projectDirPath = "";
			projectRoot = "";
			targets = (
				091CE906286B70770048B125 /* Photo */,
			);
		};
/* End PBXProject section */

/* Begin PBXResourcesBuildPhase section */
		091CE905286B70770048B125 /* Resources */ = {
			isa = PBXResourcesBuildPhase;
			buildActionMask = 2147483647;
			files = (
				091CE917286B70790048B125 /* LaunchScreen.storyboard in Resources */,
				091CE914286B70790048B125 /* Assets.xcassets in Resources */,
				091CE912286B70770048B125 /* Main.storyboard in Resources */,
			);
			runOnlyForDeploymentPostprocessing = 0;
		};
/* End PBXResourcesBuildPhase section */

/* Begin PBXShellScriptBuildPhase section */
		30E5184B5A8D6F0364C9945C /* [CP] Check Pods Manifest.lock */ = {
			isa = PBXShellScriptBuildPhase;
			buildActionMask = 2147483647;
			files = (
			);
			inputFileListPaths = (
			);
			inputPaths = (
				"${PODS_PODFILE_DIR_PATH}/Podfile.lock",
				"${PODS_ROOT}/Manifest.lock",
			);
			name = "[CP] Check Pods Manifest.lock";
			outputFileListPaths = (
			);
			outputPaths = (
				"$(DERIVED_FILE_DIR)/Pods-Photo-checkManifestLockResult.txt",
			);
			runOnlyForDeploymentPostprocessing = 0;
			shellPath = /bin/sh;
			shellScript = "diff \"${PODS_PODFILE_DIR_PATH}/Podfile.lock\" \"${PODS_ROOT}/Manifest.lock\" > /dev/null\nif [ $? != 0 ] ; then\n    # print error to STDERR\n    echo \"error: The sandbox is not in sync with the Podfile.lock. Run 'pod install' or update your CocoaPods installation.\" >&2\n    exit 1\nfi\n# This output is used by Xcode 'outputs' to avoid re-running this script phase.\necho \"SUCCESS\" > \"${SCRIPT_OUTPUT_FILE_0}\"\n";
			showEnvVarsInLog = 0;
		};
		DED3975C77C00D6AB2F4B4AE /* [CP] Embed Pods Frameworks */ = {
			isa = PBXShellScriptBuildPhase;
			buildActionMask = 2147483647;
			files = (
			);
			inputFileListPaths = (
				"${PODS_ROOT}/Target Support Files/Pods-Photo/Pods-Photo-frameworks-${CONFIGURATION}-input-files.xcfilelist",
			);
			name = "[CP] Embed Pods Frameworks";
			outputFileListPaths = (
				"${PODS_ROOT}/Target Support Files/Pods-Photo/Pods-Photo-frameworks-${CONFIGURATION}-output-files.xcfilelist",
			);
			runOnlyForDeploymentPostprocessing = 0;
			shellPath = /bin/sh;
			shellScript = "\"${PODS_ROOT}/Target Support Files/Pods-Photo/Pods-Photo-frameworks.sh\"\n";
			showEnvVarsInLog = 0;
		};
/* End PBXShellScriptBuildPhase section */

/* Begin PBXSourcesBuildPhase section */
		091CE903286B70770048B125 /* Sources */ = {
			isa = PBXSourcesBuildPhase;
			buildActionMask = 2147483647;
			files = (
				0961DA85286CA4B200854E6F /* Photo.swift in Sources */,
				0961DA94286D099500854E6F /* Location.swift in Sources */,
				0907F276286DC4CF000E1B41 /* FavoritesViewController.swift in Sources */,
				09334B1B286C540F00D4996F /* NetworkService.swift in Sources */,
				09FDBA2F2876CBF800C86EA1 /* BaseTabBarController.swift in Sources */,
				091CE90F286B70770048B125 /* AllPhotosViewController.swift in Sources */,
				091CE91F286B79190048B125 /* PhotoCollectionViewCell.swift in Sources */,
				0961DA90286CEBEA00854E6F /* PhotoViewModel.swift in Sources */,
				0961DA8A286CD5C300854E6F /* SearchResponse.swift in Sources */,
				09E0E2C62874A95A004D22BC /* PhotoDetailsViewController.swift in Sources */,
				0961DA96286D0A0D00854E6F /* User.swift in Sources */,
				0961DA88286CCAA600854E6F /* Constants.swift in Sources */,
				091CE90B286B70770048B125 /* AppDelegate.swift in Sources */,
				091CE90D286B70770048B125 /* SceneDelegate.swift in Sources */,
			);
			runOnlyForDeploymentPostprocessing = 0;
		};
/* End PBXSourcesBuildPhase section */

/* Begin PBXVariantGroup section */
		091CE910286B70770048B125 /* Main.storyboard */ = {
			isa = PBXVariantGroup;
			children = (
				091CE911286B70770048B125 /* Base */,
			);
			name = Main.storyboard;
			sourceTree = "<group>";
		};
		091CE915286B70790048B125 /* LaunchScreen.storyboard */ = {
			isa = PBXVariantGroup;
			children = (
				091CE916286B70790048B125 /* Base */,
			);
			name = LaunchScreen.storyboard;
			sourceTree = "<group>";
		};
/* End PBXVariantGroup section */

/* Begin XCBuildConfiguration section */
		091CE919286B70790048B125 /* Debug */ = {
			isa = XCBuildConfiguration;
			baseConfigurationReference = 095CC2C728775AC700CCDBF7 /* Config.xcconfig */;
			buildSettings = {
				ALWAYS_SEARCH_USER_PATHS = NO;
				CLANG_ANALYZER_NONNULL = YES;
				CLANG_ANALYZER_NUMBER_OBJECT_CONVERSION = YES_AGGRESSIVE;
				CLANG_CXX_LANGUAGE_STANDARD = "gnu++17";
				CLANG_CXX_LIBRARY = "libc++";
				CLANG_ENABLE_MODULES = YES;
				CLANG_ENABLE_OBJC_ARC = YES;
				CLANG_ENABLE_OBJC_WEAK = YES;
				CLANG_WARN_BLOCK_CAPTURE_AUTORELEASING = YES;
				CLANG_WARN_BOOL_CONVERSION = YES;
				CLANG_WARN_COMMA = YES;
				CLANG_WARN_CONSTANT_CONVERSION = YES;
				CLANG_WARN_DEPRECATED_OBJC_IMPLEMENTATIONS = YES;
				CLANG_WARN_DIRECT_OBJC_ISA_USAGE = YES_ERROR;
				CLANG_WARN_DOCUMENTATION_COMMENTS = YES;
				CLANG_WARN_EMPTY_BODY = YES;
				CLANG_WARN_ENUM_CONVERSION = YES;
				CLANG_WARN_INFINITE_RECURSION = YES;
				CLANG_WARN_INT_CONVERSION = YES;
				CLANG_WARN_NON_LITERAL_NULL_CONVERSION = YES;
				CLANG_WARN_OBJC_IMPLICIT_RETAIN_SELF = YES;
				CLANG_WARN_OBJC_LITERAL_CONVERSION = YES;
				CLANG_WARN_OBJC_ROOT_CLASS = YES_ERROR;
				CLANG_WARN_QUOTED_INCLUDE_IN_FRAMEWORK_HEADER = YES;
				CLANG_WARN_RANGE_LOOP_ANALYSIS = YES;
				CLANG_WARN_STRICT_PROTOTYPES = YES;
				CLANG_WARN_SUSPICIOUS_MOVE = YES;
				CLANG_WARN_UNGUARDED_AVAILABILITY = YES_AGGRESSIVE;
				CLANG_WARN_UNREACHABLE_CODE = YES;
				CLANG_WARN__DUPLICATE_METHOD_MATCH = YES;
				COPY_PHASE_STRIP = NO;
				DEBUG_INFORMATION_FORMAT = dwarf;
				ENABLE_STRICT_OBJC_MSGSEND = YES;
				ENABLE_TESTABILITY = YES;
				GCC_C_LANGUAGE_STANDARD = gnu11;
				GCC_DYNAMIC_NO_PIC = NO;
				GCC_NO_COMMON_BLOCKS = YES;
				GCC_OPTIMIZATION_LEVEL = 0;
				GCC_PREPROCESSOR_DEFINITIONS = (
					"DEBUG=1",
					"$(inherited)",
				);
				GCC_WARN_64_TO_32_BIT_CONVERSION = YES;
				GCC_WARN_ABOUT_RETURN_TYPE = YES_ERROR;
				GCC_WARN_UNDECLARED_SELECTOR = YES;
				GCC_WARN_UNINITIALIZED_AUTOS = YES_AGGRESSIVE;
				GCC_WARN_UNUSED_FUNCTION = YES;
				GCC_WARN_UNUSED_VARIABLE = YES;
				IPHONEOS_DEPLOYMENT_TARGET = 15.0;
				MTL_ENABLE_DEBUG_INFO = INCLUDE_SOURCE;
				MTL_FAST_MATH = YES;
				ONLY_ACTIVE_ARCH = YES;
				SDKROOT = iphoneos;
				SWIFT_ACTIVE_COMPILATION_CONDITIONS = DEBUG;
				SWIFT_OPTIMIZATION_LEVEL = "-Onone";
			};
			name = Debug;
		};
		091CE91A286B70790048B125 /* Release */ = {
			isa = XCBuildConfiguration;
			baseConfigurationReference = 095CC2C728775AC700CCDBF7 /* Config.xcconfig */;
			buildSettings = {
				ALWAYS_SEARCH_USER_PATHS = NO;
				CLANG_ANALYZER_NONNULL = YES;
				CLANG_ANALYZER_NUMBER_OBJECT_CONVERSION = YES_AGGRESSIVE;
				CLANG_CXX_LANGUAGE_STANDARD = "gnu++17";
				CLANG_CXX_LIBRARY = "libc++";
				CLANG_ENABLE_MODULES = YES;
				CLANG_ENABLE_OBJC_ARC = YES;
				CLANG_ENABLE_OBJC_WEAK = YES;
				CLANG_WARN_BLOCK_CAPTURE_AUTORELEASING = YES;
				CLANG_WARN_BOOL_CONVERSION = YES;
				CLANG_WARN_COMMA = YES;
				CLANG_WARN_CONSTANT_CONVERSION = YES;
				CLANG_WARN_DEPRECATED_OBJC_IMPLEMENTATIONS = YES;
				CLANG_WARN_DIRECT_OBJC_ISA_USAGE = YES_ERROR;
				CLANG_WARN_DOCUMENTATION_COMMENTS = YES;
				CLANG_WARN_EMPTY_BODY = YES;
				CLANG_WARN_ENUM_CONVERSION = YES;
				CLANG_WARN_INFINITE_RECURSION = YES;
				CLANG_WARN_INT_CONVERSION = YES;
				CLANG_WARN_NON_LITERAL_NULL_CONVERSION = YES;
				CLANG_WARN_OBJC_IMPLICIT_RETAIN_SELF = YES;
				CLANG_WARN_OBJC_LITERAL_CONVERSION = YES;
				CLANG_WARN_OBJC_ROOT_CLASS = YES_ERROR;
				CLANG_WARN_QUOTED_INCLUDE_IN_FRAMEWORK_HEADER = YES;
				CLANG_WARN_RANGE_LOOP_ANALYSIS = YES;
				CLANG_WARN_STRICT_PROTOTYPES = YES;
				CLANG_WARN_SUSPICIOUS_MOVE = YES;
				CLANG_WARN_UNGUARDED_AVAILABILITY = YES_AGGRESSIVE;
				CLANG_WARN_UNREACHABLE_CODE = YES;
				CLANG_WARN__DUPLICATE_METHOD_MATCH = YES;
				COPY_PHASE_STRIP = NO;
				DEBUG_INFORMATION_FORMAT = "dwarf-with-dsym";
				ENABLE_NS_ASSERTIONS = NO;
				ENABLE_STRICT_OBJC_MSGSEND = YES;
				GCC_C_LANGUAGE_STANDARD = gnu11;
				GCC_NO_COMMON_BLOCKS = YES;
				GCC_WARN_64_TO_32_BIT_CONVERSION = YES;
				GCC_WARN_ABOUT_RETURN_TYPE = YES_ERROR;
				GCC_WARN_UNDECLARED_SELECTOR = YES;
				GCC_WARN_UNINITIALIZED_AUTOS = YES_AGGRESSIVE;
				GCC_WARN_UNUSED_FUNCTION = YES;
				GCC_WARN_UNUSED_VARIABLE = YES;
				IPHONEOS_DEPLOYMENT_TARGET = 15.0;
				MTL_ENABLE_DEBUG_INFO = NO;
				MTL_FAST_MATH = YES;
				SDKROOT = iphoneos;
				SWIFT_COMPILATION_MODE = wholemodule;
				SWIFT_OPTIMIZATION_LEVEL = "-O";
				VALIDATE_PRODUCT = YES;
			};
			name = Release;
		};
		091CE91C286B70790048B125 /* Debug */ = {
			isa = XCBuildConfiguration;
			baseConfigurationReference = 4B09862EAAF1777990907786 /* Pods-Photo.debug.xcconfig */;
			buildSettings = {
				ASSETCATALOG_COMPILER_APPICON_NAME = AppIcon;
				ASSETCATALOG_COMPILER_GLOBAL_ACCENT_COLOR_NAME = AccentColor;
				CODE_SIGN_STYLE = Automatic;
				CURRENT_PROJECT_VERSION = 1;
				GENERATE_INFOPLIST_FILE = YES;
				INFOPLIST_FILE = Photo/SupportingFiles/Info.plist;
				INFOPLIST_KEY_UIApplicationSupportsIndirectInputEvents = YES;
				INFOPLIST_KEY_UILaunchStoryboardName = LaunchScreen;
				INFOPLIST_KEY_UIMainStoryboardFile = Main;
				INFOPLIST_KEY_UISupportedInterfaceOrientations = UIInterfaceOrientationPortrait;
				INFOPLIST_KEY_UISupportedInterfaceOrientations_iPad = "UIInterfaceOrientationPortrait UIInterfaceOrientationPortraitUpsideDown UIInterfaceOrientationLandscapeLeft UIInterfaceOrientationLandscapeRight";
				INFOPLIST_KEY_UISupportedInterfaceOrientations_iPhone = "UIInterfaceOrientationPortrait UIInterfaceOrientationLandscapeLeft UIInterfaceOrientationLandscapeRight";
				IPHONEOS_DEPLOYMENT_TARGET = 13.0;
				LD_RUNPATH_SEARCH_PATHS = (
					"$(inherited)",
					"@executable_path/Frameworks",
				);
				MARKETING_VERSION = 1.0;
				PRODUCT_BUNDLE_IDENTIFIER = AdmiralBizon.Photo;
				PRODUCT_NAME = "$(TARGET_NAME)";
				SWIFT_EMIT_LOC_STRINGS = YES;
				SWIFT_VERSION = 5.0;
				TARGETED_DEVICE_FAMILY = 1;
			};
			name = Debug;
		};
		091CE91D286B70790048B125 /* Release */ = {
			isa = XCBuildConfiguration;
			baseConfigurationReference = 650664FA324A3D3BA7A7A261 /* Pods-Photo.release.xcconfig */;
			buildSettings = {
				ASSETCATALOG_COMPILER_APPICON_NAME = AppIcon;
				ASSETCATALOG_COMPILER_GLOBAL_ACCENT_COLOR_NAME = AccentColor;
				CODE_SIGN_STYLE = Automatic;
				CURRENT_PROJECT_VERSION = 1;
				GENERATE_INFOPLIST_FILE = YES;
				INFOPLIST_FILE = Photo/SupportingFiles/Info.plist;
				INFOPLIST_KEY_UIApplicationSupportsIndirectInputEvents = YES;
				INFOPLIST_KEY_UILaunchStoryboardName = LaunchScreen;
				INFOPLIST_KEY_UIMainStoryboardFile = Main;
				INFOPLIST_KEY_UISupportedInterfaceOrientations = UIInterfaceOrientationPortrait;
				INFOPLIST_KEY_UISupportedInterfaceOrientations_iPad = "UIInterfaceOrientationPortrait UIInterfaceOrientationPortraitUpsideDown UIInterfaceOrientationLandscapeLeft UIInterfaceOrientationLandscapeRight";
				INFOPLIST_KEY_UISupportedInterfaceOrientations_iPhone = "UIInterfaceOrientationPortrait UIInterfaceOrientationLandscapeLeft UIInterfaceOrientationLandscapeRight";
				IPHONEOS_DEPLOYMENT_TARGET = 13.0;
				LD_RUNPATH_SEARCH_PATHS = (
					"$(inherited)",
					"@executable_path/Frameworks",
				);
				MARKETING_VERSION = 1.0;
				PRODUCT_BUNDLE_IDENTIFIER = AdmiralBizon.Photo;
				PRODUCT_NAME = "$(TARGET_NAME)";
				SWIFT_EMIT_LOC_STRINGS = YES;
				SWIFT_VERSION = 5.0;
				TARGETED_DEVICE_FAMILY = 1;
			};
			name = Release;
		};
/* End XCBuildConfiguration section */

/* Begin XCConfigurationList section */
		091CE902286B70770048B125 /* Build configuration list for PBXProject "Photo" */ = {
			isa = XCConfigurationList;
			buildConfigurations = (
				091CE919286B70790048B125 /* Debug */,
				091CE91A286B70790048B125 /* Release */,
			);
			defaultConfigurationIsVisible = 0;
			defaultConfigurationName = Release;
		};
		091CE91B286B70790048B125 /* Build configuration list for PBXNativeTarget "Photo" */ = {
			isa = XCConfigurationList;
			buildConfigurations = (
				091CE91C286B70790048B125 /* Debug */,
				091CE91D286B70790048B125 /* Release */,
			);
			defaultConfigurationIsVisible = 0;
			defaultConfigurationName = Release;
		};
/* End XCConfigurationList section */
	};
	rootObject = 091CE8FF286B70770048B125 /* Project object */;
}
